
Microsoft Visual Studio Solution File, Format Version 12.00
# Visual Studio 15
VisualStudioVersion = 15.0.28010.2050
MinimumVisualStudioVersion = 10.0.40219.1
Project("{FAE04EC0-301F-11D3-BF4B-00C04F79EFBC}") = "Web", "Web\Web.csproj", "{15346A3C-E7C4-45F6-BFBB-2F4796C305D7}"
EndProject
Global
	GlobalSection(SolutionConfigurationPlatforms) = preSolution
		Debug|Any CPU = Debug|Any CPU
		Release|Any CPU = Release|Any CPU
	EndGlobalSection
	GlobalSection(ProjectConfigurationPlatforms) = postSolution
		{15346A3C-E7C4-45F6-BFBB-2F4796C305D7}.Debug|Any CPU.ActiveCfg = Debug|Any CPU
		{15346A3C-E7C4-45F6-BFBB-2F4796C305D7}.Debug|Any CPU.Build.0 = Debug|Any CPU
		{15346A3C-E7C4-45F6-BFBB-2F4796C305D7}.Release|Any CPU.ActiveCfg = Release|Any CPU
		{15346A3C-E7C4-45F6-BFBB-2F4796C305D7}.Release|Any CPU.Build.0 = Release|Any CPU
	EndGlobalSection
	GlobalSection(SolutionProperties) = preSolution
		HideSolutionNode = FALSE
	EndGlobalSection
	GlobalSection(ExtensibilityGlobals) = postSolution
		SolutionGuid = {8D6CB711-D2F3-49B8-83B3-D68B685A2FED}
	EndGlobalSection
EndGlobal
